# This file was autogenerated by Stack.
# You should not edit this file by hand.
# For more information, please see the documentation at:
#   https://docs.haskellstack.org/en/stable/lock_files

packages:
- completed:
    hackage: evdev-2.3.1.1@sha256:898654a2b9151bf392055229aa35935189ae1dcf5cd231b53e7e6d0ec84efde0,1778
    pantry-tree:
      sha256: edcd84884e8a6d81dfa920abbcb4e8047d5ad8e551edcc41c58d155c0a5be251
      size: 604
  original:
    hackage: evdev-2.3.1.1@sha256:898654a2b9151bf392055229aa35935189ae1dcf5cd231b53e7e6d0ec84efde0,1778
snapshots:
- completed:
    sha256: b146f371d1a90abbd2aeae1da10f776951046be50eae55a6fe93548a74fcc0dd
    size: 713338
    url: https://raw.githubusercontent.com/commercialhaskell/stackage-snapshots/master/lts/22/21.yaml
  original:
    url: https://raw.githubusercontent.com/commercialhaskell/stackage-snapshots/master/lts/22/21.yaml
